
Microsoft Visual Studio Solution File, Format Version 12.00
# Visual Studio Version 17
VisualStudioVersion = 17.4.33213.308
MinimumVisualStudioVersion = 10.0.40219.1
Project("{FAE04EC0-301F-11D3-BF4B-00C04F79EFBC}") = "SistemaDeTarefas", "SistemaDeTarefas.csproj", "{C7D70560-EF6D-4CE8-985D-403EDF31D33F}"
EndProject
Global
	GlobalSection(SolutionConfigurationPlatforms) = preSolution
		Debug|Any CPU = Debug|Any CPU
		Release|Any CPU = Release|Any CPU
	EndGlobalSection
	GlobalSection(ProjectConfigurationPlatforms) = postSolution
		{C7D70560-EF6D-4CE8-985D-403EDF31D33F}.Debug|Any CPU.ActiveCfg = Debug|Any CPU
		{C7D70560-EF6D-4CE8-985D-403EDF31D33F}.Debug|Any CPU.Build.0 = Debug|Any CPU
		{C7D70560-EF6D-4CE8-985D-403EDF31D33F}.Release|Any CPU.ActiveCfg = Release|Any CPU
		{C7D70560-EF6D-4CE8-985D-403EDF31D33F}.Release|Any CPU.Build.0 = Release|Any CPU
	EndGlobalSection
	GlobalSection(SolutionProperties) = preSolution
		HideSolutionNode = FALSE
	EndGlobalSection
	GlobalSection(ExtensibilityGlobals) = postSolution
		SolutionGuid = {3181EE2A-CD42-449D-905D-699B648F708D}
	EndGlobalSection
EndGlobal
